
Microsoft Visual Studio Solution File, Format Version 12.00
# Visual Studio Version 17
VisualStudioVersion = 17.7.34024.191
MinimumVisualStudioVersion = 10.0.40219.1
Project("{FAE04EC0-301F-11D3-BF4B-00C04F79EFBC}") = "WMS", "WMS\WMS.csproj", "{72F9D789-3553-47B6-844E-C1D2BDB9B788}"
EndProject
Global
	GlobalSection(SolutionConfigurationPlatforms) = preSolution
		Debug|Any CPU = Debug|Any CPU
		Release|Any CPU = Release|Any CPU
	EndGlobalSection
	GlobalSection(ProjectConfigurationPlatforms) = postSolution
		{72F9D789-3553-47B6-844E-C1D2BDB9B788}.Debug|Any CPU.ActiveCfg = Debug|Any CPU
		{72F9D789-3553-47B6-844E-C1D2BDB9B788}.Debug|Any CPU.Build.0 = Debug|Any CPU
		{72F9D789-3553-47B6-844E-C1D2BDB9B788}.Release|Any CPU.ActiveCfg = Release|Any CPU
		{72F9D789-3553-47B6-844E-C1D2BDB9B788}.Release|Any CPU.Build.0 = Release|Any CPU
	EndGlobalSection
	GlobalSection(SolutionProperties) = preSolution
		HideSolutionNode = FALSE
	EndGlobalSection
	GlobalSection(ExtensibilityGlobals) = postSolution
		SolutionGuid = {5194C8AE-29E4-44E2-BDC2-B1DA05035D55}
	EndGlobalSection
EndGlobal
